
Microsoft Visual Studio Solution File, Format Version 12.00
# Visual Studio Version 17
VisualStudioVersion = 17.3.32825.248
MinimumVisualStudioVersion = 10.0.40219.1
Project("{FAE04EC0-301F-11D3-BF4B-00C04F79EFBC}") = "ExcelGenLib", "ExcelGenLib\ExcelGenLib.csproj", "{3A7AD8F5-3A96-45F8-B8CB-B6EBE0A702A0}"
EndProject
Project("{FAE04EC0-301F-11D3-BF4B-00C04F79EFBC}") = "ABABillingAndClaim", "ExcelGenWin\ABABillingAndClaim.csproj", "{184A3C4E-B9B2-465E-B233-4592F14C2892}"
EndProject
Project("{FAE04EC0-301F-11D3-BF4B-00C04F79EFBC}") = "ClinicDOM", "ClinicDOM\ClinicDOM.csproj", "{1A665F26-EC0C-4E78-9C58-4C42E70E9179}"
EndProject
Global
	GlobalSection(SolutionConfigurationPlatforms) = preSolution
		Debug|Any CPU = Debug|Any CPU
		Release|Any CPU = Release|Any CPU
	EndGlobalSection
	GlobalSection(ProjectConfigurationPlatforms) = postSolution
		{3A7AD8F5-3A96-45F8-B8CB-B6EBE0A702A0}.Debug|Any CPU.ActiveCfg = Debug|Any CPU
		{3A7AD8F5-3A96-45F8-B8CB-B6EBE0A702A0}.Debug|Any CPU.Build.0 = Debug|Any CPU
		{3A7AD8F5-3A96-45F8-B8CB-B6EBE0A702A0}.Release|Any CPU.ActiveCfg = Release|Any CPU
		{3A7AD8F5-3A96-45F8-B8CB-B6EBE0A702A0}.Release|Any CPU.Build.0 = Release|Any CPU
		{184A3C4E-B9B2-465E-B233-4592F14C2892}.Debug|Any CPU.ActiveCfg = Debug|Any CPU
		{184A3C4E-B9B2-465E-B233-4592F14C2892}.Debug|Any CPU.Build.0 = Debug|Any CPU
		{184A3C4E-B9B2-465E-B233-4592F14C2892}.Release|Any CPU.ActiveCfg = Release|Any CPU
		{184A3C4E-B9B2-465E-B233-4592F14C2892}.Release|Any CPU.Build.0 = Release|Any CPU
		{1A665F26-EC0C-4E78-9C58-4C42E70E9179}.Debug|Any CPU.ActiveCfg = Debug|Any CPU
		{1A665F26-EC0C-4E78-9C58-4C42E70E9179}.Debug|Any CPU.Build.0 = Debug|Any CPU
		{1A665F26-EC0C-4E78-9C58-4C42E70E9179}.Release|Any CPU.ActiveCfg = Release|Any CPU
		{1A665F26-EC0C-4E78-9C58-4C42E70E9179}.Release|Any CPU.Build.0 = Release|Any CPU
	EndGlobalSection
	GlobalSection(SolutionProperties) = preSolution
		HideSolutionNode = FALSE
	EndGlobalSection
	GlobalSection(ExtensibilityGlobals) = postSolution
		SolutionGuid = {53B55887-A087-44CF-9DE7-7D538E4B9327}
	EndGlobalSection
EndGlobal
